{
  "version": 4,
  "terraform_version": "1.10.5",
  "serial": 6,
  "lineage": "ca0f7d31-7044-2714-32fe-403dbb89b909",
  "outputs": {
    "instance_public_ip": {
      "value": "3.110.158.168",
      "type": "string"
    },
    "private_key_path": {
      "value": "/Users/jbhowmik/jayant-tf-key.pem",
      "type": "string"
    }
  },
  "resources": [
    {
      "mode": "managed",
      "type": "aws_key_pair",
      "name": "generated_key",
      "provider": "provider[\"registry.terraform.io/hashicorp/aws\"]",
      "instances": [
        {
          "schema_version": 1,
          "attributes": {
            "arn": "arn:aws:ec2:ap-south-1:585685714989:key-pair/jayant-tf-key",
            "fingerprint": "d0:94:6f:ef:a6:d1:c4:d9:65:a9:72:51:6f:d8:aa:13",
            "id": "jayant-tf-key",
            "key_name": "jayant-tf-key",
            "key_name_prefix": "",
            "key_pair_id": "key-021f2250190c68dd8",
            "key_type": "rsa",
            "public_key": "ssh-rsa AAAAB3NzaC1yc2EAAAADAQABAAABAQCoS0YvB+LridzLCDaXFh5j0T03he4hpMeR0O2Jy2wDM+VHAvoNxeD/9DqEVvmkHohqME0I/Y410eukx+xDBOoN2xePJqeZHsaY6eVwwWkCMPHL56XpNF66hZwiy/T/c0w9r6TtQkXYuDupt5qJ3Iag6rnbxJme+vKSIOnjkvqYU1LoVKRXt/KHZ0cTzudGEk3LBxWAEnkLQo/ry2EvzMrOh9K8GYkM8psUX2ir/BTT3zx5lD00XwYn2JprhYdUMe8+OMXTW5ghITttOc2U0mRzfGsWghh/e4KXt+xTMuojQKm7yPzanGlJjxOEScrGg8H+DaH36hBdXmMccDkUTHq5",
            "tags": null,
            "tags_all": {}
          },
          "sensitive_attributes": [],
          "private": "eyJzY2hlbWFfdmVyc2lvbiI6IjEifQ==",
          "dependencies": [
            "tls_private_key.ec2_key"
          ]
        }
      ]
    },
    {
      "mode": "managed",
      "type": "aws_security_group",
      "name": "terraform-ec2-security-group",
      "provider": "provider[\"registry.terraform.io/hashicorp/aws\"]",
      "instances": [
        {
          "schema_version": 1,
          "attributes": {
            "arn": "arn:aws:ec2:ap-south-1:585685714989:security-group/sg-01207c57c5a1e578a",
            "description": "Allow SSH and HTTP access created using terraform",
            "egress": [
              {
                "cidr_blocks": [
                  "0.0.0.0/0"
                ],
                "description": "",
                "from_port": 0,
                "ipv6_cidr_blocks": [],
                "prefix_list_ids": [],
                "protocol": "-1",
                "security_groups": [],
                "self": false,
                "to_port": 0
              }
            ],
            "id": "sg-01207c57c5a1e578a",
            "ingress": [
              {
                "cidr_blocks": [
                  "0.0.0.0/0"
                ],
                "description": "",
                "from_port": 22,
                "ipv6_cidr_blocks": [],
                "prefix_list_ids": [],
                "protocol": "tcp",
                "security_groups": [],
                "self": false,
                "to_port": 22
              },
              {
                "cidr_blocks": [
                  "0.0.0.0/0"
                ],
                "description": "",
                "from_port": 80,
                "ipv6_cidr_blocks": [],
                "prefix_list_ids": [],
                "protocol": "tcp",
                "security_groups": [],
                "self": false,
                "to_port": 80
              }
            ],
            "name": "ec2-security-group-terraform",
            "name_prefix": "",
            "owner_id": "585685714989",
            "revoke_rules_on_delete": false,
            "tags": null,
            "tags_all": {},
            "timeouts": null,
            "vpc_id": "vpc-09c308600cd4766bb"
          },
          "sensitive_attributes": [],
          "private": "eyJlMmJmYjczMC1lY2FhLTExZTYtOGY4OC0zNDM2M2JjN2M0YzAiOnsiY3JlYXRlIjo2MDAwMDAwMDAwMDAsImRlbGV0ZSI6OTAwMDAwMDAwMDAwfSwic2NoZW1hX3ZlcnNpb24iOiIxIn0="
        }
      ]
    },
    {
      "mode": "managed",
      "type": "local_file",
      "name": "private_key",
      "provider": "provider[\"registry.terraform.io/hashicorp/local\"]",
      "instances": [
        {
          "schema_version": 0,
          "attributes": {
            "content": "-----BEGIN RSA PRIVATE KEY-----\nMIIEogIBAAKCAQEAqEtGLwfi64ncywg2lxYeY9E9N4XuIaTHkdDtictsAzPlRwL6\nDcXg//Q6hFb5pB6IajBNCP2ONdHrpMfsQwTqDdsXjyanmR7GmOnlcMFpAjDxy+el\n6TReuoWcIsv0/3NMPa+k7UJF2Lg7qbeaidyGoOq528SZnvrykiDp45L6mFNS6FSk\nV7fyh2dHE87nRhJNywcVgBJ5C0KP68thL8zKzofSvBmJDPKbFF9oq/wU0988eZQ9\nNF8GJ9iaa4WHVDHvPjjF01uYISE7bTnNlNJkc3xrFoIYf3uCl7fsUzLqI0Cpu8j8\n2pxpSY8ThEnKxoPB/g2h9+oQXV5jHHA5FEx6uQIDAQABAoIBAGZzLI6E5ocsrdSL\nc3AWbvmk7vdV+NlSTotd/LzdsSth9Dl+fmrUA1zNeLIHoIFgdPrv3HWUpXXuDN2L\nNzC1VSaKMZVbmruEGLIN8TbrBtnmocvXgRCuaNxzadFlCAhaUBddTbGBnrOHtApl\nUxaJwQtE2VAIJty5N+HtV3TKjPMdCaD5/IgKah/u82qMjZQMQcvLznkB+P/2iqPh\nslWOjNlqGhbqHrtOQCsx1MZAvnJR3m37nesy4pc9xSTqopt3M9BJyRDENfGnoqcc\nXe/lfTh5EhutCrLOoJr7oePZDBGNhj790hgmYvZf5V+0ItDFdmqbpUS1bnz6DE7B\n/umrKYECgYEAy77j4DkBxn/yoqH0Di7M1cKV7o3C3JvYGqSCjqwkI01zjPb+/rr8\ndUbdfaCEqqkjJR4T3r3I2QRiSKlEQUDkpHspeFNbs128h6UrzaaAYED9FU61Gukc\nCQOPtsEIxN3i4x8Ocmdp8KwylqbrSQufCPP6mAKPG5Z/fRmV85WyVMUCgYEA03TG\nWt+UBXZugx6kveFcBKKPecSR68jKVROqn8ASl1WbQc+MduGcprEbdO0KqQfglaOC\nWJFGXfFo5KhvhzrRLB6ABbgtBiTJ2ldIBoaNrzO9iODOO6aI0+pRmqZfBQRRC+Io\nIXxvIJk8e6KiTVajLNjiOLiPJEvSKNeW4rSXdWUCgYBZOj8Xqj+Ry+TZvm1gbLR+\nBNqef2zQKlwIxvT6QH8PCtNI776alg8L2T4Uz2BqUOo4TiTLjnfQOrBEPATNQvse\n4WU28eKd+bYf/YDibkGYZb2wQCjmISKK/AlLMtyBQt8jMi2kgo+NvAvnmDBAbBt4\n00hym+RKY61vfu4BoBRaNQKBgGT9bI6SIVvKiFVPGVcmfpAoI2YAn8CAkUG4ttC9\nJyPn2tK/kVJlxi9GftqFK4Y3IOfWw7YRDA5p8bLjTwDC8oujtXkF0VsRzuXcsaWM\nNbbreyYYV+bdTpQHYRn/Q3pd6WdHh+sWRuzGwsA5mFJfgmc03jZAzvyCych/zqxP\nm9aRAoGAdCEzWMDXaAVKWL5b03GZP0juQIROewMZyxyem+MKG90ylGKuptKPdS5/\nr7q0iSN/OwlTTW1VBVWcTtyG86yyeikXHTvU+xjnDMmMvwkkqOuVswsxtEj2s8QN\nNqdT9fAbKYLAdf5kaNuuRBetUiL1jGGQAEOVPWW99M+mrBndcCc=\n-----END RSA PRIVATE KEY-----\n",
            "content_base64": null,
            "content_base64sha256": "vBfex7ME7odDIfmb0sGGXWyI/j6ewyHjSaH4p+1juho=",
            "content_base64sha512": "ucorDE97/kKMPcdjCaEOOyKli9WUw3xhwVOiHL2TlJddPRqpZs/H27trAlJNyrkT21wSxZpCrRLxqAegAIj7Lg==",
            "content_md5": "782e328f17b8d79a33c97b1120a0390f",
            "content_sha1": "b79e229bb957a9c2933296c1263ed937307d9b7c",
            "content_sha256": "bc17dec7b304ee874321f99bd2c1865d6c88fe3e9ec321e349a1f8a7ed63ba1a",
            "content_sha512": "b9ca2b0c4f7bfe428c3dc76309a10e3b22a58bd594c37c61c153a21cbd9394975d3d1aa966cfc7dbbb6b02524dcab913db5c12c59a42ad12f1a807a00088fb2e",
            "directory_permission": "0777",
            "file_permission": "0400",
            "filename": "/Users/jbhowmik/jayant-tf-key.pem",
            "id": "b79e229bb957a9c2933296c1263ed937307d9b7c",
            "sensitive_content": null,
            "source": null
          },
          "sensitive_attributes": [
            [
              {
                "type": "get_attr",
                "value": "sensitive_content"
              }
            ],
            [
              {
                "type": "get_attr",
                "value": "content"
              }
            ]
          ],
          "dependencies": [
            "tls_private_key.ec2_key"
          ]
        }
      ]
    },
    {
      "mode": "managed",
      "type": "tls_private_key",
      "name": "ec2_key",
      "provider": "provider[\"registry.terraform.io/hashicorp/tls\"]",
      "instances": [
        {
          "schema_version": 1,
          "attributes": {
            "algorithm": "RSA",
            "ecdsa_curve": "P224",
            "id": "aad14547fd1497d602172adb7b79801092011b8c",
            "private_key_openssh": "-----BEGIN OPENSSH PRIVATE KEY-----\nb3BlbnNzaC1rZXktdjEAAAAABG5vbmUAAAAEbm9uZQAAAAAAAAABAAABFwAAAAdz\nc2gtcnNhAAAAAwEAAQAAAQEAqEtGLwfi64ncywg2lxYeY9E9N4XuIaTHkdDticts\nAzPlRwL6DcXg//Q6hFb5pB6IajBNCP2ONdHrpMfsQwTqDdsXjyanmR7GmOnlcMFp\nAjDxy+el6TReuoWcIsv0/3NMPa+k7UJF2Lg7qbeaidyGoOq528SZnvrykiDp45L6\nmFNS6FSkV7fyh2dHE87nRhJNywcVgBJ5C0KP68thL8zKzofSvBmJDPKbFF9oq/wU\n0988eZQ9NF8GJ9iaa4WHVDHvPjjF01uYISE7bTnNlNJkc3xrFoIYf3uCl7fsUzLq\nI0Cpu8j82pxpSY8ThEnKxoPB/g2h9+oQXV5jHHA5FEx6uQAAA7hUAI/WVACP1gAA\nAAdzc2gtcnNhAAABAQCoS0YvB+LridzLCDaXFh5j0T03he4hpMeR0O2Jy2wDM+VH\nAvoNxeD/9DqEVvmkHohqME0I/Y410eukx+xDBOoN2xePJqeZHsaY6eVwwWkCMPHL\n56XpNF66hZwiy/T/c0w9r6TtQkXYuDupt5qJ3Iag6rnbxJme+vKSIOnjkvqYU1Lo\nVKRXt/KHZ0cTzudGEk3LBxWAEnkLQo/ry2EvzMrOh9K8GYkM8psUX2ir/BTT3zx5\nlD00XwYn2JprhYdUMe8+OMXTW5ghITttOc2U0mRzfGsWghh/e4KXt+xTMuojQKm7\nyPzanGlJjxOEScrGg8H+DaH36hBdXmMccDkUTHq5AAAAAwEAAQAAAQBmcyyOhOaH\nLK3Ui3NwFm75pO73VfjZUk6LXfy83bErYfQ5fn5q1ANczXiyB6CBYHT679x1lKV1\n7gzdizcwtVUmijGVW5q7hBiyDfE26wbZ5qHL14EQrmjcc2nRZQgIWlAXXU2xgZ6z\nh7QKZVMWicELRNlQCCbcuTfh7Vd0yozzHQmg+fyICmof7vNqjI2UDEHLy855Afj/\n9oqj4bJVjozZahoW6h67TkArMdTGQL5yUd5t+53rMuKXPcUk6qKbdzPQSckQxDXx\np6KnHF3v5X04eRIbrQqyzqCa+6Hj2QwRjYY+/dIYJmL2X+VftCLQxXZqm6VEtW58\n+gxOwf7pqymBAAAAgHQhM1jA12gFSli+W9NxmT9I7kCETnsDGcscnpvjChvdMpRi\nrqbSj3Uuf6+6tIkjfzsJU01tVQVVnE7chvOssnopFx071PsY5wzJjL8JJKjrlbML\nMbRI9rPEDTanU/XwGymCwHX+ZGjbrkQXrVIi9YxhkABDlT1lvfTPpqwZ3XAnAAAA\ngQDLvuPgOQHGf/KiofQOLszVwpXujcLcm9gapIKOrCQjTXOM9v7+uvx1Rt19oISq\nqSMlHhPevcjZBGJIqURBQOSkeyl4U1uzXbyHpSvNpoBgQP0VTrUa6RwJA4+2wQjE\n3eLjHw5yZ2nwrDKWputJC58I8/qYAo8bln99GZXzlbJUxQAAAIEA03TGWt+UBXZu\ngx6kveFcBKKPecSR68jKVROqn8ASl1WbQc+MduGcprEbdO0KqQfglaOCWJFGXfFo\n5KhvhzrRLB6ABbgtBiTJ2ldIBoaNrzO9iODOO6aI0+pRmqZfBQRRC+IoIXxvIJk8\ne6KiTVajLNjiOLiPJEvSKNeW4rSXdWUAAAAAAQID\n-----END OPENSSH PRIVATE KEY-----\n",
            "private_key_pem": "-----BEGIN RSA PRIVATE KEY-----\nMIIEogIBAAKCAQEAqEtGLwfi64ncywg2lxYeY9E9N4XuIaTHkdDtictsAzPlRwL6\nDcXg//Q6hFb5pB6IajBNCP2ONdHrpMfsQwTqDdsXjyanmR7GmOnlcMFpAjDxy+el\n6TReuoWcIsv0/3NMPa+k7UJF2Lg7qbeaidyGoOq528SZnvrykiDp45L6mFNS6FSk\nV7fyh2dHE87nRhJNywcVgBJ5C0KP68thL8zKzofSvBmJDPKbFF9oq/wU0988eZQ9\nNF8GJ9iaa4WHVDHvPjjF01uYISE7bTnNlNJkc3xrFoIYf3uCl7fsUzLqI0Cpu8j8\n2pxpSY8ThEnKxoPB/g2h9+oQXV5jHHA5FEx6uQIDAQABAoIBAGZzLI6E5ocsrdSL\nc3AWbvmk7vdV+NlSTotd/LzdsSth9Dl+fmrUA1zNeLIHoIFgdPrv3HWUpXXuDN2L\nNzC1VSaKMZVbmruEGLIN8TbrBtnmocvXgRCuaNxzadFlCAhaUBddTbGBnrOHtApl\nUxaJwQtE2VAIJty5N+HtV3TKjPMdCaD5/IgKah/u82qMjZQMQcvLznkB+P/2iqPh\nslWOjNlqGhbqHrtOQCsx1MZAvnJR3m37nesy4pc9xSTqopt3M9BJyRDENfGnoqcc\nXe/lfTh5EhutCrLOoJr7oePZDBGNhj790hgmYvZf5V+0ItDFdmqbpUS1bnz6DE7B\n/umrKYECgYEAy77j4DkBxn/yoqH0Di7M1cKV7o3C3JvYGqSCjqwkI01zjPb+/rr8\ndUbdfaCEqqkjJR4T3r3I2QRiSKlEQUDkpHspeFNbs128h6UrzaaAYED9FU61Gukc\nCQOPtsEIxN3i4x8Ocmdp8KwylqbrSQufCPP6mAKPG5Z/fRmV85WyVMUCgYEA03TG\nWt+UBXZugx6kveFcBKKPecSR68jKVROqn8ASl1WbQc+MduGcprEbdO0KqQfglaOC\nWJFGXfFo5KhvhzrRLB6ABbgtBiTJ2ldIBoaNrzO9iODOO6aI0+pRmqZfBQRRC+Io\nIXxvIJk8e6KiTVajLNjiOLiPJEvSKNeW4rSXdWUCgYBZOj8Xqj+Ry+TZvm1gbLR+\nBNqef2zQKlwIxvT6QH8PCtNI776alg8L2T4Uz2BqUOo4TiTLjnfQOrBEPATNQvse\n4WU28eKd+bYf/YDibkGYZb2wQCjmISKK/AlLMtyBQt8jMi2kgo+NvAvnmDBAbBt4\n00hym+RKY61vfu4BoBRaNQKBgGT9bI6SIVvKiFVPGVcmfpAoI2YAn8CAkUG4ttC9\nJyPn2tK/kVJlxi9GftqFK4Y3IOfWw7YRDA5p8bLjTwDC8oujtXkF0VsRzuXcsaWM\nNbbreyYYV+bdTpQHYRn/Q3pd6WdHh+sWRuzGwsA5mFJfgmc03jZAzvyCych/zqxP\nm9aRAoGAdCEzWMDXaAVKWL5b03GZP0juQIROewMZyxyem+MKG90ylGKuptKPdS5/\nr7q0iSN/OwlTTW1VBVWcTtyG86yyeikXHTvU+xjnDMmMvwkkqOuVswsxtEj2s8QN\nNqdT9fAbKYLAdf5kaNuuRBetUiL1jGGQAEOVPWW99M+mrBndcCc=\n-----END RSA PRIVATE KEY-----\n",
            "private_key_pem_pkcs8": "-----BEGIN PRIVATE KEY-----\nMIIEvAIBADANBgkqhkiG9w0BAQEFAASCBKYwggSiAgEAAoIBAQCoS0YvB+LridzL\nCDaXFh5j0T03he4hpMeR0O2Jy2wDM+VHAvoNxeD/9DqEVvmkHohqME0I/Y410euk\nx+xDBOoN2xePJqeZHsaY6eVwwWkCMPHL56XpNF66hZwiy/T/c0w9r6TtQkXYuDup\nt5qJ3Iag6rnbxJme+vKSIOnjkvqYU1LoVKRXt/KHZ0cTzudGEk3LBxWAEnkLQo/r\ny2EvzMrOh9K8GYkM8psUX2ir/BTT3zx5lD00XwYn2JprhYdUMe8+OMXTW5ghITtt\nOc2U0mRzfGsWghh/e4KXt+xTMuojQKm7yPzanGlJjxOEScrGg8H+DaH36hBdXmMc\ncDkUTHq5AgMBAAECggEAZnMsjoTmhyyt1ItzcBZu+aTu91X42VJOi138vN2xK2H0\nOX5+atQDXM14sgeggWB0+u/cdZSlde4M3Ys3MLVVJooxlVuau4QYsg3xNusG2eah\ny9eBEK5o3HNp0WUICFpQF11NsYGes4e0CmVTFonBC0TZUAgm3Lk34e1XdMqM8x0J\noPn8iApqH+7zaoyNlAxBy8vOeQH4//aKo+GyVY6M2WoaFuoeu05AKzHUxkC+clHe\nbfud6zLilz3FJOqim3cz0EnJEMQ18aeipxxd7+V9OHkSG60Kss6gmvuh49kMEY2G\nPv3SGCZi9l/lX7Qi0MV2apulRLVufPoMTsH+6aspgQKBgQDLvuPgOQHGf/KiofQO\nLszVwpXujcLcm9gapIKOrCQjTXOM9v7+uvx1Rt19oISqqSMlHhPevcjZBGJIqURB\nQOSkeyl4U1uzXbyHpSvNpoBgQP0VTrUa6RwJA4+2wQjE3eLjHw5yZ2nwrDKWputJ\nC58I8/qYAo8bln99GZXzlbJUxQKBgQDTdMZa35QFdm6DHqS94VwEoo95xJHryMpV\nE6qfwBKXVZtBz4x24ZymsRt07QqpB+CVo4JYkUZd8WjkqG+HOtEsHoAFuC0GJMna\nV0gGho2vM72I4M47pojT6lGapl8FBFEL4ighfG8gmTx7oqJNVqMs2OI4uI8kS9Io\n15bitJd1ZQKBgFk6PxeqP5HL5Nm+bWBstH4E2p5/bNAqXAjG9PpAfw8K00jvvpqW\nDwvZPhTPYGpQ6jhOJMuOd9A6sEQ8BM1C+x7hZTbx4p35th/9gOJuQZhlvbBAKOYh\nIor8CUsy3IFC3yMyLaSCj428C+eYMEBsG3jTSHKb5EpjrW9+7gGgFFo1AoGAZP1s\njpIhW8qIVU8ZVyZ+kCgjZgCfwICRQbi20L0nI+fa0r+RUmXGL0Z+2oUrhjcg59bD\nthEMDmnxsuNPAMLyi6O1eQXRWxHO5dyxpYw1tut7JhhX5t1OlAdhGf9Del3pZ0eH\n6xZG7MbCwDmYUl+CZzTeNkDO/ILJyH/OrE+b1pECgYB0ITNYwNdoBUpYvlvTcZk/\nSO5AhE57AxnLHJ6b4wob3TKUYq6m0o91Ln+vurSJI387CVNNbVUFVZxO3IbzrLJ6\nKRcdO9T7GOcMyYy/CSSo65WzCzG0SPazxA02p1P18BspgsB1/mRo265EF61SIvWM\nYZAAQ5U9Zb30z6asGd1wJw==\n-----END PRIVATE KEY-----\n",
            "public_key_fingerprint_md5": "f8:67:ec:dd:ca:05:77:8d:60:1f:13:d5:2d:02:c2:de",
            "public_key_fingerprint_sha256": "SHA256:tgZkET+D5EJT0XEM7N6DPAdqu/lFSE1k2iKRc3v4AYs",
            "public_key_openssh": "ssh-rsa AAAAB3NzaC1yc2EAAAADAQABAAABAQCoS0YvB+LridzLCDaXFh5j0T03he4hpMeR0O2Jy2wDM+VHAvoNxeD/9DqEVvmkHohqME0I/Y410eukx+xDBOoN2xePJqeZHsaY6eVwwWkCMPHL56XpNF66hZwiy/T/c0w9r6TtQkXYuDupt5qJ3Iag6rnbxJme+vKSIOnjkvqYU1LoVKRXt/KHZ0cTzudGEk3LBxWAEnkLQo/ry2EvzMrOh9K8GYkM8psUX2ir/BTT3zx5lD00XwYn2JprhYdUMe8+OMXTW5ghITttOc2U0mRzfGsWghh/e4KXt+xTMuojQKm7yPzanGlJjxOEScrGg8H+DaH36hBdXmMccDkUTHq5\n",
            "public_key_pem": "-----BEGIN PUBLIC KEY-----\nMIIBIjANBgkqhkiG9w0BAQEFAAOCAQ8AMIIBCgKCAQEAqEtGLwfi64ncywg2lxYe\nY9E9N4XuIaTHkdDtictsAzPlRwL6DcXg//Q6hFb5pB6IajBNCP2ONdHrpMfsQwTq\nDdsXjyanmR7GmOnlcMFpAjDxy+el6TReuoWcIsv0/3NMPa+k7UJF2Lg7qbeaidyG\noOq528SZnvrykiDp45L6mFNS6FSkV7fyh2dHE87nRhJNywcVgBJ5C0KP68thL8zK\nzofSvBmJDPKbFF9oq/wU0988eZQ9NF8GJ9iaa4WHVDHvPjjF01uYISE7bTnNlNJk\nc3xrFoIYf3uCl7fsUzLqI0Cpu8j82pxpSY8ThEnKxoPB/g2h9+oQXV5jHHA5FEx6\nuQIDAQAB\n-----END PUBLIC KEY-----\n",
            "rsa_bits": 2048
          },
          "sensitive_attributes": [
            [
              {
                "type": "get_attr",
                "value": "private_key_openssh"
              }
            ],
            [
              {
                "type": "get_attr",
                "value": "private_key_pem"
              }
            ],
            [
              {
                "type": "get_attr",
                "value": "private_key_pem_pkcs8"
              }
            ]
          ]
        }
      ]
    },
    {
      "module": "module.ec2_instance",
      "mode": "data",
      "type": "aws_partition",
      "name": "current",
      "provider": "provider[\"registry.terraform.io/hashicorp/aws\"]",
      "instances": [
        {
          "schema_version": 0,
          "attributes": {
            "dns_suffix": "amazonaws.com",
            "id": "aws",
            "partition": "aws",
            "reverse_dns_prefix": "com.amazonaws"
          },
          "sensitive_attributes": []
        }
      ]
    },
    {
      "module": "module.ec2_instance",
      "mode": "managed",
      "type": "aws_instance",
      "name": "this",
      "provider": "provider[\"registry.terraform.io/hashicorp/aws\"]",
      "instances": [
        {
          "index_key": 0,
          "schema_version": 1,
          "attributes": {
            "ami": "ami-0e35ddab05955cf57",
            "arn": "arn:aws:ec2:ap-south-1:585685714989:instance/i-0e5f806725030e88a",
            "associate_public_ip_address": true,
            "availability_zone": "ap-south-1b",
            "capacity_reservation_specification": [
              {
                "capacity_reservation_preference": "open",
                "capacity_reservation_target": []
              }
            ],
            "cpu_core_count": 1,
            "cpu_options": [
              {
                "amd_sev_snp": "",
                "core_count": 1,
                "threads_per_core": 1
              }
            ],
            "cpu_threads_per_core": 1,
            "credit_specification": [
              {
                "cpu_credits": "standard"
              }
            ],
            "disable_api_stop": false,
            "disable_api_termination": false,
            "ebs_block_device": [],
            "ebs_optimized": false,
            "enable_primary_ipv6": null,
            "enclave_options": [
              {
                "enabled": false
              }
            ],
            "ephemeral_block_device": [],
            "get_password_data": false,
            "hibernation": false,
            "host_id": "",
            "host_resource_group_arn": null,
            "iam_instance_profile": "",
            "id": "i-0e5f806725030e88a",
            "instance_initiated_shutdown_behavior": "stop",
            "instance_lifecycle": "",
            "instance_market_options": [],
            "instance_state": "running",
            "instance_type": "t2.micro",
            "ipv6_address_count": 0,
            "ipv6_addresses": [],
            "key_name": "jayant-tf-key",
            "launch_template": [],
            "maintenance_options": [
              {
                "auto_recovery": "default"
              }
            ],
            "metadata_options": [
              {
                "http_endpoint": "enabled",
                "http_protocol_ipv6": "disabled",
                "http_put_response_hop_limit": 1,
                "http_tokens": "required",
                "instance_metadata_tags": "disabled"
              }
            ],
            "monitoring": false,
            "network_interface": [],
            "outpost_arn": "",
            "password_data": "",
            "placement_group": "",
            "placement_partition_number": 0,
            "primary_network_interface_id": "eni-0c16de98936501b44",
            "private_dns": "ip-172-31-15-158.ap-south-1.compute.internal",
            "private_dns_name_options": [
              {
                "enable_resource_name_dns_a_record": false,
                "enable_resource_name_dns_aaaa_record": false,
                "hostname_type": "ip-name"
              }
            ],
            "private_ip": "172.31.15.158",
            "public_dns": "ec2-3-110-158-168.ap-south-1.compute.amazonaws.com",
            "public_ip": "3.110.158.168",
            "root_block_device": [
              {
                "delete_on_termination": true,
                "device_name": "/dev/sda1",
                "encrypted": false,
                "iops": 3000,
                "kms_key_id": "",
                "tags": {},
                "tags_all": {},
                "throughput": 125,
                "volume_id": "vol-0a88dfa62316cce06",
                "volume_size": 8,
                "volume_type": "gp3"
              }
            ],
            "secondary_private_ips": [],
            "security_groups": [
              "ec2-security-group-terraform"
            ],
            "source_dest_check": true,
            "spot_instance_request_id": "",
            "subnet_id": "subnet-0734a73cc6509efe2",
            "tags": {
              "Name": "Terraform-EC2"
            },
            "tags_all": {
              "Name": "Terraform-EC2"
            },
            "tenancy": "default",
            "timeouts": {
              "create": null,
              "delete": null,
              "read": null,
              "update": null
            },
            "user_data": null,
            "user_data_base64": null,
            "user_data_replace_on_change": false,
            "volume_tags": {
              "Name": "Terraform-EC2"
            },
            "vpc_security_group_ids": [
              "sg-01207c57c5a1e578a"
            ]
          },
          "sensitive_attributes": [],
          "private": "eyJlMmJmYjczMC1lY2FhLTExZTYtOGY4OC0zNDM2M2JjN2M0YzAiOnsiY3JlYXRlIjo2MDAwMDAwMDAwMDAsImRlbGV0ZSI6MTIwMDAwMDAwMDAwMCwicmVhZCI6OTAwMDAwMDAwMDAwLCJ1cGRhdGUiOjYwMDAwMDAwMDAwMH0sInNjaGVtYV92ZXJzaW9uIjoiMSJ9",
          "dependencies": [
            "aws_key_pair.generated_key",
            "aws_security_group.terraform-ec2-security-group",
            "module.ec2_instance.aws_iam_instance_profile.this",
            "module.ec2_instance.aws_iam_role.this",
            "module.ec2_instance.data.aws_iam_policy_document.assume_role_policy",
            "module.ec2_instance.data.aws_partition.current",
            "module.ec2_instance.data.aws_ssm_parameter.this",
            "tls_private_key.ec2_key"
          ]
        }
      ]
    }
  ],
  "check_results": null
}
